
Microsoft Visual Studio Solution File, Format Version 12.00
# Visual Studio Version 17
VisualStudioVersion = 17.8.34525.116
MinimumVisualStudioVersion = 10.0.40219.1
Project("{FAE04EC0-301F-11D3-BF4B-00C04F79EFBC}") = "FINAL PROJECT", "FINAL PROJECT.csproj", "{77347D60-1C9B-4695-B9D0-AC47DD1F924D}"
EndProject
Global
	GlobalSection(SolutionConfigurationPlatforms) = preSolution
		Debug|Any CPU = Debug|Any CPU
		Release|Any CPU = Release|Any CPU
	EndGlobalSection
	GlobalSection(ProjectConfigurationPlatforms) = postSolution
		{77347D60-1C9B-4695-B9D0-AC47DD1F924D}.Debug|Any CPU.ActiveCfg = Debug|Any CPU
		{77347D60-1C9B-4695-B9D0-AC47DD1F924D}.Debug|Any CPU.Build.0 = Debug|Any CPU
		{77347D60-1C9B-4695-B9D0-AC47DD1F924D}.Release|Any CPU.ActiveCfg = Release|Any CPU
		{77347D60-1C9B-4695-B9D0-AC47DD1F924D}.Release|Any CPU.Build.0 = Release|Any CPU
	EndGlobalSection
	GlobalSection(SolutionProperties) = preSolution
		HideSolutionNode = FALSE
	EndGlobalSection
	GlobalSection(ExtensibilityGlobals) = postSolution
		SolutionGuid = {3FE70136-8B30-4E17-833D-01BCE1EC2B86}
	EndGlobalSection
EndGlobal
